{
  "name": "lekoala-silverstripe-jodit",
  "lockfileVersion": 2,
  "requires": true,
  "packages": {
    "": {
      "name": "lekoala-silverstripe-jodit",
      "license": "MIT",
      "dependencies": {
        "jodit": "^3.18.9"
      }
    },
    "node_modules/autobind-decorator": {
      "version": "2.4.0",
      "resolved": "https://registry.npmjs.org/autobind-decorator/-/autobind-decorator-2.4.0.tgz",
      "integrity": "sha512-OGYhWUO72V6DafbF8PM8rm3EPbfuyMZcJhtm5/n26IDwO18pohE4eNazLoCGhPiXOCD0gEGmrbU3849QvM8bbw==",
      "engines": {
        "node": ">=8.10",
        "npm": ">=6.4.1"
      }
    },
    "node_modules/core-js": {
      "version": "3.23.3",
      "resolved": "https://registry.npmjs.org/core-js/-/core-js-3.23.3.tgz",
      "integrity": "sha512-oAKwkj9xcWNBAvGbT//WiCdOMpb9XQG92/Fe3ABFM/R16BsHgePG00mFOgKf7IsCtfj8tA1kHtf/VwErhriz5Q==",
      "hasInstallScript": true,
      "funding": {
        "type": "opencollective",
        "url": "https://opencollective.com/core-js"
      }
    },
    "node_modules/jodit": {
      "version": "3.18.9",
      "resolved": "https://registry.npmjs.org/jodit/-/jodit-3.18.9.tgz",
      "integrity": "sha512-C1d7QooFe2gWZJsnFny7RXFIsohgmUbK+XzXQWC1iqMj8M9+qBB6m7FSijws8UzO/EbarPvTM4phcZKriw+wEQ==",
      "dependencies": {
        "autobind-decorator": "^2.4.0",
        "core-js": "^3.22.8"
      }
    }
  },
  "dependencies": {
    "autobind-decorator": {
      "version": "2.4.0",
      "resolved": "https://registry.npmjs.org/autobind-decorator/-/autobind-decorator-2.4.0.tgz",
      "integrity": "sha512-OGYhWUO72V6DafbF8PM8rm3EPbfuyMZcJhtm5/n26IDwO18pohE4eNazLoCGhPiXOCD0gEGmrbU3849QvM8bbw=="
    },
    "core-js": {
      "version": "3.23.3",
      "resolved": "https://registry.npmjs.org/core-js/-/core-js-3.23.3.tgz",
      "integrity": "sha512-oAKwkj9xcWNBAvGbT//WiCdOMpb9XQG92/Fe3ABFM/R16BsHgePG00mFOgKf7IsCtfj8tA1kHtf/VwErhriz5Q=="
    },
    "jodit": {
      "version": "3.18.9",
      "resolved": "https://registry.npmjs.org/jodit/-/jodit-3.18.9.tgz",
      "integrity": "sha512-C1d7QooFe2gWZJsnFny7RXFIsohgmUbK+XzXQWC1iqMj8M9+qBB6m7FSijws8UzO/EbarPvTM4phcZKriw+wEQ==",
      "requires": {
        "autobind-decorator": "^2.4.0",
        "core-js": "^3.22.8"
      }
    }
  }
}
